// !$*UTF8*$!
{
	archiveVersion = 1;
	classes = {
	};
	objectVersion = 46;
	objects = {

/* Begin PBXBuildFile section */
		C6CBF6EC177028F100984C74 /* UIKit.framework in Frameworks */ = {isa = PBXBuildFile; fileRef = C6CBF6EB177028F100984C74 /* UIKit.framework */; };
		C6CBF6EE177028F100984C74 /* Foundation.framework in Frameworks */ = {isa = PBXBuildFile; fileRef = C6CBF6ED177028F100984C74 /* Foundation.framework */; };
		C6CBF6F0177028F100984C74 /* CoreGraphics.framework in Frameworks */ = {isa = PBXBuildFile; fileRef = C6CBF6EF177028F100984C74 /* CoreGraphics.framework */; };
		C6CBF6F6177028F100984C74 /* InfoPlist.strings in Resources */ = {isa = PBXBuildFile; fileRef = C6CBF6F4177028F100984C74 /* InfoPlist.strings */; };
		C6CBF6F8177028F100984C74 /* main.m in Sources */ = {isa = PBXBuildFile; fileRef = C6CBF6F7177028F100984C74 /* main.m */; };
		C6CBF6FC177028F100984C74 /* VWWAppDelegate.m in Sources */ = {isa = PBXBuildFile; fileRef = C6CBF6FB177028F100984C74 /* VWWAppDelegate.m */; };
		C6CBF700177028F100984C74 /* Default@2x.png in Resources */ = {isa = PBXBuildFile; fileRef = C6CBF6FF177028F100984C74 /* Default@2x.png */; };
		C6CBF705177028F100984C74 /* MainStoryboard.storyboard in Resources */ = {isa = PBXBuildFile; fileRef = C6CBF703177028F100984C74 /* MainStoryboard.storyboard */; };
		C6CBF710177028F100984C74 /* SenTestingKit.framework in Frameworks */ = {isa = PBXBuildFile; fileRef = C6CBF70F177028F100984C74 /* SenTestingKit.framework */; };
		C6CBF711177028F100984C74 /* UIKit.framework in Frameworks */ = {isa = PBXBuildFile; fileRef = C6CBF6EB177028F100984C74 /* UIKit.framework */; };
		C6CBF712177028F100984C74 /* Foundation.framework in Frameworks */ = {isa = PBXBuildFile; fileRef = C6CBF6ED177028F100984C74 /* Foundation.framework */; };
		C6CBF71A177028F100984C74 /* InfoPlist.strings in Resources */ = {isa = PBXBuildFile; fileRef = C6CBF718177028F100984C74 /* InfoPlist.strings */; };
		C6CBF7301770294B00984C74 /* VWWCGLifeView.m in Sources */ = {isa = PBXBuildFile; fileRef = C6CBF7281770294B00984C74 /* VWWCGLifeView.m */; };
		C6CBF7311770294B00984C74 /* VWWCGLifeViewController.m in Sources */ = {isa = PBXBuildFile; fileRef = C6CBF72A1770294B00984C74 /* VWWCGLifeViewController.m */; };
		C6CBF7321770294B00984C74 /* VWWGOLCell.m in Sources */ = {isa = PBXBuildFile; fileRef = C6CBF72D1770294B00984C74 /* VWWGOLCell.m */; };
		C6CBF7331770294B00984C74 /* VWWGOLLife.m in Sources */ = {isa = PBXBuildFile; fileRef = C6CBF72F1770294B00984C74 /* VWWGOLLife.m */; };
		C6CBF7391770296D00984C74 /* VWWGOLLifeRule1Tests.m in Sources */ = {isa = PBXBuildFile; fileRef = C6CBF7341770296D00984C74 /* VWWGOLLifeRule1Tests.m */; };
		C6CBF73A1770296D00984C74 /* VWWGOLLIfeRule2Tests.m in Sources */ = {isa = PBXBuildFile; fileRef = C6CBF7351770296D00984C74 /* VWWGOLLIfeRule2Tests.m */; };
		C6CBF73B1770296D00984C74 /* VWWGOLLifeRule3Tests.m in Sources */ = {isa = PBXBuildFile; fileRef = C6CBF7361770296D00984C74 /* VWWGOLLifeRule3Tests.m */; };
		C6CBF73C1770296D00984C74 /* VWWGOLLifeRule4Tests.m in Sources */ = {isa = PBXBuildFile; fileRef = C6CBF7371770296D00984C74 /* VWWGOLLifeRule4Tests.m */; };
		C6CBF7441770306200984C74 /* icon_57x57.png in Resources */ = {isa = PBXBuildFile; fileRef = C6CBF7431770306200984C74 /* icon_57x57.png */; };
		C6CBF7461770306D00984C74 /* icon_114x114.png in Resources */ = {isa = PBXBuildFile; fileRef = C6CBF7451770306D00984C74 /* icon_114x114.png */; };
		C6E59A821771328F00B001AE /* Default-568h@2x.png in Resources */ = {isa = PBXBuildFile; fileRef = C6CBF74B177030CC00984C74 /* Default-568h@2x.png */; };
		C6EE2E1D1770F41400F33858 /* distribute.html in Resources */ = {isa = PBXBuildFile; fileRef = C6EE2E1C1770F41400F33858 /* distribute.html */; };
/* End PBXBuildFile section */

/* Begin PBXContainerItemProxy section */
		C6CBF713177028F100984C74 /* PBXContainerItemProxy */ = {
			isa = PBXContainerItemProxy;
			containerPortal = C6CBF6E0177028F100984C74 /* Project object */;
			proxyType = 1;
			remoteGlobalIDString = C6CBF6E7177028F100984C74;
			remoteInfo = YAGOLA;
		};
/* End PBXContainerItemProxy section */

/* Begin PBXFileReference section */
		C6CBF6E8177028F100984C74 /* YAGOLA.app */ = {isa = PBXFileReference; explicitFileType = wrapper.application; includeInIndex = 0; path = YAGOLA.app; sourceTree = BUILT_PRODUCTS_DIR; };
		C6CBF6EB177028F100984C74 /* UIKit.framework */ = {isa = PBXFileReference; lastKnownFileType = wrapper.framework; name = UIKit.framework; path = System/Library/Frameworks/UIKit.framework; sourceTree = SDKROOT; };
		C6CBF6ED177028F100984C74 /* Foundation.framework */ = {isa = PBXFileReference; lastKnownFileType = wrapper.framework; name = Foundation.framework; path = System/Library/Frameworks/Foundation.framework; sourceTree = SDKROOT; };
		C6CBF6EF177028F100984C74 /* CoreGraphics.framework */ = {isa = PBXFileReference; lastKnownFileType = wrapper.framework; name = CoreGraphics.framework; path = System/Library/Frameworks/CoreGraphics.framework; sourceTree = SDKROOT; };
		C6CBF6F3177028F100984C74 /* YAGOLA-Info.plist */ = {isa = PBXFileReference; lastKnownFileType = text.plist.xml; path = "YAGOLA-Info.plist"; sourceTree = "<group>"; };
		C6CBF6F5177028F100984C74 /* en */ = {isa = PBXFileReference; lastKnownFileType = text.plist.strings; name = en; path = en.lproj/InfoPlist.strings; sourceTree = "<group>"; };
		C6CBF6F7177028F100984C74 /* main.m */ = {isa = PBXFileReference; lastKnownFileType = sourcecode.c.objc; path = main.m; sourceTree = "<group>"; };
		C6CBF6F9177028F100984C74 /* YAGOLA-Prefix.pch */ = {isa = PBXFileReference; lastKnownFileType = sourcecode.c.h; path = "YAGOLA-Prefix.pch"; sourceTree = "<group>"; };
		C6CBF6FA177028F100984C74 /* VWWAppDelegate.h */ = {isa = PBXFileReference; lastKnownFileType = sourcecode.c.h; path = VWWAppDelegate.h; sourceTree = "<group>"; };
		C6CBF6FB177028F100984C74 /* VWWAppDelegate.m */ = {isa = PBXFileReference; lastKnownFileType = sourcecode.c.objc; path = VWWAppDelegate.m; sourceTree = "<group>"; };
		C6CBF6FD177028F100984C74 /* Default.png */ = {isa = PBXFileReference; lastKnownFileType = image.png; path = Default.png; sourceTree = "<group>"; };
		C6CBF6FF177028F100984C74 /* Default@2x.png */ = {isa = PBXFileReference; lastKnownFileType = image.png; path = "Default@2x.png"; sourceTree = "<group>"; };
		C6CBF701177028F100984C74 /* Default-568h@2x.png */ = {isa = PBXFileReference; lastKnownFileType = image.png; path = "Default-568h@2x.png"; sourceTree = "<group>"; };
		C6CBF704177028F100984C74 /* en */ = {isa = PBXFileReference; lastKnownFileType = file.storyboard; name = en; path = en.lproj/MainStoryboard.storyboard; sourceTree = "<group>"; };
		C6CBF70E177028F100984C74 /* YAGOLATests.octest */ = {isa = PBXFileReference; explicitFileType = wrapper.cfbundle; includeInIndex = 0; path = YAGOLATests.octest; sourceTree = BUILT_PRODUCTS_DIR; };
		C6CBF70F177028F100984C74 /* SenTestingKit.framework */ = {isa = PBXFileReference; lastKnownFileType = wrapper.framework; name = SenTestingKit.framework; path = Library/Frameworks/SenTestingKit.framework; sourceTree = DEVELOPER_DIR; };
		C6CBF717177028F100984C74 /* YAGOLATests-Info.plist */ = {isa = PBXFileReference; lastKnownFileType = text.plist.xml; path = "YAGOLATests-Info.plist"; sourceTree = "<group>"; };
		C6CBF719177028F100984C74 /* en */ = {isa = PBXFileReference; lastKnownFileType = text.plist.strings; name = en; path = en.lproj/InfoPlist.strings; sourceTree = "<group>"; };
		C6CBF7271770294B00984C74 /* VWWCGLifeView.h */ = {isa = PBXFileReference; fileEncoding = 4; lastKnownFileType = sourcecode.c.h; path = VWWCGLifeView.h; sourceTree = "<group>"; };
		C6CBF7281770294B00984C74 /* VWWCGLifeView.m */ = {isa = PBXFileReference; fileEncoding = 4; lastKnownFileType = sourcecode.c.objc; path = VWWCGLifeView.m; sourceTree = "<group>"; };
		C6CBF7291770294B00984C74 /* VWWCGLifeViewController.h */ = {isa = PBXFileReference; fileEncoding = 4; lastKnownFileType = sourcecode.c.h; path = VWWCGLifeViewController.h; sourceTree = "<group>"; };
		C6CBF72A1770294B00984C74 /* VWWCGLifeViewController.m */ = {isa = PBXFileReference; fileEncoding = 4; lastKnownFileType = sourcecode.c.objc; path = VWWCGLifeViewController.m; sourceTree = "<group>"; };
		C6CBF72C1770294B00984C74 /* VWWGOLCell.h */ = {isa = PBXFileReference; fileEncoding = 4; lastKnownFileType = sourcecode.c.h; path = VWWGOLCell.h; sourceTree = "<group>"; };
		C6CBF72D1770294B00984C74 /* VWWGOLCell.m */ = {isa = PBXFileReference; fileEncoding = 4; lastKnownFileType = sourcecode.c.objc; path = VWWGOLCell.m; sourceTree = "<group>"; };
		C6CBF72E1770294B00984C74 /* VWWGOLLife.h */ = {isa = PBXFileReference; fileEncoding = 4; lastKnownFileType = sourcecode.c.h; path = VWWGOLLife.h; sourceTree = "<group>"; };
		C6CBF72F1770294B00984C74 /* VWWGOLLife.m */ = {isa = PBXFileReference; fileEncoding = 4; lastKnownFileType = sourcecode.c.objc; path = VWWGOLLife.m; sourceTree = "<group>"; };
		C6CBF7341770296D00984C74 /* VWWGOLLifeRule1Tests.m */ = {isa = PBXFileReference; fileEncoding = 4; lastKnownFileType = sourcecode.c.objc; path = VWWGOLLifeRule1Tests.m; sourceTree = "<group>"; };
		C6CBF7351770296D00984C74 /* VWWGOLLIfeRule2Tests.m */ = {isa = PBXFileReference; fileEncoding = 4; lastKnownFileType = sourcecode.c.objc; path = VWWGOLLIfeRule2Tests.m; sourceTree = "<group>"; };
		C6CBF7361770296D00984C74 /* VWWGOLLifeRule3Tests.m */ = {isa = PBXFileReference; fileEncoding = 4; lastKnownFileType = sourcecode.c.objc; path = VWWGOLLifeRule3Tests.m; sourceTree = "<group>"; };
		C6CBF7371770296D00984C74 /* VWWGOLLifeRule4Tests.m */ = {isa = PBXFileReference; fileEncoding = 4; lastKnownFileType = sourcecode.c.objc; path = VWWGOLLifeRule4Tests.m; sourceTree = "<group>"; };
		C6CBF73E177029C800984C74 /* VWWGOLLifeRule1Tests.h */ = {isa = PBXFileReference; fileEncoding = 4; lastKnownFileType = sourcecode.c.h; path = VWWGOLLifeRule1Tests.h; sourceTree = "<group>"; };
		C6CBF73F177029C800984C74 /* VWWGOLLifeRule2Tests.h */ = {isa = PBXFileReference; fileEncoding = 4; lastKnownFileType = sourcecode.c.h; path = VWWGOLLifeRule2Tests.h; sourceTree = "<group>"; };
		C6CBF740177029C800984C74 /* VWWGOLLifeRule3Tests.h */ = {isa = PBXFileReference; fileEncoding = 4; lastKnownFileType = sourcecode.c.h; path = VWWGOLLifeRule3Tests.h; sourceTree = "<group>"; };
		C6CBF741177029C800984C74 /* VWWGOLLifeRule4Tests.h */ = {isa = PBXFileReference; fileEncoding = 4; lastKnownFileType = sourcecode.c.h; path = VWWGOLLifeRule4Tests.h; sourceTree = "<group>"; };
		C6CBF7431770306200984C74 /* icon_57x57.png */ = {isa = PBXFileReference; lastKnownFileType = image.png; path = icon_57x57.png; sourceTree = "<group>"; };
		C6CBF7451770306D00984C74 /* icon_114x114.png */ = {isa = PBXFileReference; lastKnownFileType = image.png; path = icon_114x114.png; sourceTree = "<group>"; };
		C6CBF747177030BA00984C74 /* Default.png */ = {isa = PBXFileReference; lastKnownFileType = image.png; path = Default.png; sourceTree = "<group>"; };
		C6CBF749177030C500984C74 /* Default@2x.png */ = {isa = PBXFileReference; lastKnownFileType = image.png; path = "Default@2x.png"; sourceTree = "<group>"; };
		C6CBF74B177030CC00984C74 /* Default-568h@2x.png */ = {isa = PBXFileReference; lastKnownFileType = image.png; path = "Default-568h@2x.png"; sourceTree = "<group>"; };
		C6EE2E1C1770F41400F33858 /* distribute.html */ = {isa = PBXFileReference; fileEncoding = 4; lastKnownFileType = text.html; path = distribute.html; sourceTree = "<group>"; };
/* End PBXFileReference section */

/* Begin PBXFrameworksBuildPhase section */
		C6CBF6E5177028F100984C74 /* Frameworks */ = {
			isa = PBXFrameworksBuildPhase;
			buildActionMask = 2147483647;
			files = (
				C6CBF6EC177028F100984C74 /* UIKit.framework in Frameworks */,
				C6CBF6EE177028F100984C74 /* Foundation.framework in Frameworks */,
				C6CBF6F0177028F100984C74 /* CoreGraphics.framework in Frameworks */,
			);
			runOnlyForDeploymentPostprocessing = 0;
		};
		C6CBF70A177028F100984C74 /* Frameworks */ = {
			isa = PBXFrameworksBuildPhase;
			buildActionMask = 2147483647;
			files = (
				C6CBF710177028F100984C74 /* SenTestingKit.framework in Frameworks */,
				C6CBF711177028F100984C74 /* UIKit.framework in Frameworks */,
				C6CBF712177028F100984C74 /* Foundation.framework in Frameworks */,
			);
			runOnlyForDeploymentPostprocessing = 0;
		};
/* End PBXFrameworksBuildPhase section */

/* Begin PBXGroup section */
		C6CBF6DF177028F100984C74 = {
			isa = PBXGroup;
			children = (
				C6CBF74B177030CC00984C74 /* Default-568h@2x.png */,
				C6CBF749177030C500984C74 /* Default@2x.png */,
				C6CBF747177030BA00984C74 /* Default.png */,
				C6CBF7451770306D00984C74 /* icon_114x114.png */,
				C6CBF7431770306200984C74 /* icon_57x57.png */,
				C6CBF6F1177028F100984C74 /* YAGOLA */,
				C6CBF715177028F100984C74 /* YAGOLATests */,
				C6CBF6EA177028F100984C74 /* Frameworks */,
				C6CBF6E9177028F100984C74 /* Products */,
			);
			sourceTree = "<group>";
		};
		C6CBF6E9177028F100984C74 /* Products */ = {
			isa = PBXGroup;
			children = (
				C6CBF6E8177028F100984C74 /* YAGOLA.app */,
				C6CBF70E177028F100984C74 /* YAGOLATests.octest */,
			);
			name = Products;
			sourceTree = "<group>";
		};
		C6CBF6EA177028F100984C74 /* Frameworks */ = {
			isa = PBXGroup;
			children = (
				C6CBF6EB177028F100984C74 /* UIKit.framework */,
				C6CBF6ED177028F100984C74 /* Foundation.framework */,
				C6CBF6EF177028F100984C74 /* CoreGraphics.framework */,
				C6CBF70F177028F100984C74 /* SenTestingKit.framework */,
			);
			name = Frameworks;
			sourceTree = "<group>";
		};
		C6CBF6F1177028F100984C74 /* YAGOLA */ = {
			isa = PBXGroup;
			children = (
				C6EE2E1C1770F41400F33858 /* distribute.html */,
				C6CBF7261770294B00984C74 /* Controllers */,
				C6CBF72B1770294B00984C74 /* GOL */,
				C6CBF6FA177028F100984C74 /* VWWAppDelegate.h */,
				C6CBF6FB177028F100984C74 /* VWWAppDelegate.m */,
				C6CBF703177028F100984C74 /* MainStoryboard.storyboard */,
				C6CBF6F2177028F100984C74 /* Supporting Files */,
			);
			path = YAGOLA;
			sourceTree = "<group>";
		};
		C6CBF6F2177028F100984C74 /* Supporting Files */ = {
			isa = PBXGroup;
			children = (
				C6CBF6F3177028F100984C74 /* YAGOLA-Info.plist */,
				C6CBF6F4177028F100984C74 /* InfoPlist.strings */,
				C6CBF6F7177028F100984C74 /* main.m */,
				C6CBF6F9177028F100984C74 /* YAGOLA-Prefix.pch */,
				C6CBF6FD177028F100984C74 /* Default.png */,
				C6CBF6FF177028F100984C74 /* Default@2x.png */,
				C6CBF701177028F100984C74 /* Default-568h@2x.png */,
			);
			name = "Supporting Files";
			sourceTree = "<group>";
		};
		C6CBF715177028F100984C74 /* YAGOLATests */ = {
			isa = PBXGroup;
			children = (
				C6CBF73E177029C800984C74 /* VWWGOLLifeRule1Tests.h */,
				C6CBF7341770296D00984C74 /* VWWGOLLifeRule1Tests.m */,
				C6CBF73F177029C800984C74 /* VWWGOLLifeRule2Tests.h */,
				C6CBF7351770296D00984C74 /* VWWGOLLIfeRule2Tests.m */,
				C6CBF740177029C800984C74 /* VWWGOLLifeRule3Tests.h */,
				C6CBF7361770296D00984C74 /* VWWGOLLifeRule3Tests.m */,
				C6CBF741177029C800984C74 /* VWWGOLLifeRule4Tests.h */,
				C6CBF7371770296D00984C74 /* VWWGOLLifeRule4Tests.m */,
				C6CBF716177028F100984C74 /* Supporting Files */,
			);
			path = YAGOLATests;
			sourceTree = "<group>";
		};
		C6CBF716177028F100984C74 /* Supporting Files */ = {
			isa = PBXGroup;
			children = (
				C6CBF717177028F100984C74 /* YAGOLATests-Info.plist */,
				C6CBF718177028F100984C74 /* InfoPlist.strings */,
			);
			name = "Supporting Files";
			sourceTree = "<group>";
		};
		C6CBF7261770294B00984C74 /* Controllers */ = {
			isa = PBXGroup;
			children = (
				C6CBF7271770294B00984C74 /* VWWCGLifeView.h */,
				C6CBF7281770294B00984C74 /* VWWCGLifeView.m */,
				C6CBF7291770294B00984C74 /* VWWCGLifeViewController.h */,
				C6CBF72A1770294B00984C74 /* VWWCGLifeViewController.m */,
			);
			path = Controllers;
			sourceTree = "<group>";
		};
		C6CBF72B1770294B00984C74 /* GOL */ = {
			isa = PBXGroup;
			children = (
				C6CBF72C1770294B00984C74 /* VWWGOLCell.h */,
				C6CBF72D1770294B00984C74 /* VWWGOLCell.m */,
				C6CBF72E1770294B00984C74 /* VWWGOLLife.h */,
				C6CBF72F1770294B00984C74 /* VWWGOLLife.m */,
			);
			path = GOL;
			sourceTree = "<group>";
		};
/* End PBXGroup section */

/* Begin PBXNativeTarget section */
		C6CBF6E7177028F100984C74 /* YAGOLA */ = {
			isa = PBXNativeTarget;
			buildConfigurationList = C6CBF720177028F100984C74 /* Build configuration list for PBXNativeTarget "YAGOLA" */;
			buildPhases = (
				C6CBF6E4177028F100984C74 /* Sources */,
				C6CBF6E5177028F100984C74 /* Frameworks */,
				C6CBF6E6177028F100984C74 /* Resources */,
			);
			buildRules = (
			);
			dependencies = (
			);
			name = YAGOLA;
			productName = YAGOLA;
			productReference = C6CBF6E8177028F100984C74 /* YAGOLA.app */;
			productType = "com.apple.product-type.application";
		};
		C6CBF70D177028F100984C74 /* YAGOLATests */ = {
			isa = PBXNativeTarget;
			buildConfigurationList = C6CBF723177028F100984C74 /* Build configuration list for PBXNativeTarget "YAGOLATests" */;
			buildPhases = (
				C6CBF709177028F100984C74 /* Sources */,
				C6CBF70A177028F100984C74 /* Frameworks */,
				C6CBF70B177028F100984C74 /* Resources */,
				C6CBF70C177028F100984C74 /* ShellScript */,
			);
			buildRules = (
			);
			dependencies = (
				C6CBF714177028F100984C74 /* PBXTargetDependency */,
			);
			name = YAGOLATests;
			productName = YAGOLATests;
			productReference = C6CBF70E177028F100984C74 /* YAGOLATests.octest */;
			productType = "com.apple.product-type.bundle.ocunit-test";
		};
/* End PBXNativeTarget section */

/* Begin PBXProject section */
		C6CBF6E0177028F100984C74 /* Project object */ = {
			isa = PBXProject;
			attributes = {
				CLASSPREFIX = VWW;
				LastUpgradeCheck = 0460;
				ORGANIZATIONNAME = "Zakk Hoyt";
				TargetAttributes = {
					C6CBF6E7177028F100984C74 = {
						DevelopmentTeam = J7U74N85YF;
					};
				};
			};
			buildConfigurationList = C6CBF6E3177028F100984C74 /* Build configuration list for PBXProject "YAGOLA" */;
			compatibilityVersion = "Xcode 3.2";
			developmentRegion = English;
			hasScannedForEncodings = 0;
			knownRegions = (
				en,
			);
			mainGroup = C6CBF6DF177028F100984C74;
			productRefGroup = C6CBF6E9177028F100984C74 /* Products */;
			projectDirPath = "";
			projectRoot = "";
			targets = (
				C6CBF6E7177028F100984C74 /* YAGOLA */,
				C6CBF70D177028F100984C74 /* YAGOLATests */,
			);
		};
/* End PBXProject section */

/* Begin PBXResourcesBuildPhase section */
		C6CBF6E6177028F100984C74 /* Resources */ = {
			isa = PBXResourcesBuildPhase;
			buildActionMask = 2147483647;
			files = (
				C6CBF6F6177028F100984C74 /* InfoPlist.strings in Resources */,
				C6CBF700177028F100984C74 /* Default@2x.png in Resources */,
				C6CBF705177028F100984C74 /* MainStoryboard.storyboard in Resources */,
				C6CBF7441770306200984C74 /* icon_57x57.png in Resources */,
				C6CBF7461770306D00984C74 /* icon_114x114.png in Resources */,
				C6EE2E1D1770F41400F33858 /* distribute.html in Resources */,
				C6E59A821771328F00B001AE /* Default-568h@2x.png in Resources */,
			);
			runOnlyForDeploymentPostprocessing = 0;
		};
		C6CBF70B177028F100984C74 /* Resources */ = {
			isa = PBXResourcesBuildPhase;
			buildActionMask = 2147483647;
			files = (
				C6CBF71A177028F100984C74 /* InfoPlist.strings in Resources */,
			);
			runOnlyForDeploymentPostprocessing = 0;
		};
/* End PBXResourcesBuildPhase section */

/* Begin PBXShellScriptBuildPhase section */
		C6CBF70C177028F100984C74 /* ShellScript */ = {
			isa = PBXShellScriptBuildPhase;
			buildActionMask = 2147483647;
			files = (
			);
			inputPaths = (
			);
			outputPaths = (
			);
			runOnlyForDeploymentPostprocessing = 0;
			shellPath = /bin/sh;
			shellScript = "# Run the unit tests in this test bundle.\n\"${SYSTEM_DEVELOPER_DIR}/Tools/RunUnitTests\"\n";
		};
/* End PBXShellScriptBuildPhase section */

/* Begin PBXSourcesBuildPhase section */
		C6CBF6E4177028F100984C74 /* Sources */ = {
			isa = PBXSourcesBuildPhase;
			buildActionMask = 2147483647;
			files = (
				C6CBF6F8177028F100984C74 /* main.m in Sources */,
				C6CBF6FC177028F100984C74 /* VWWAppDelegate.m in Sources */,
				C6CBF7301770294B00984C74 /* VWWCGLifeView.m in Sources */,
				C6CBF7311770294B00984C74 /* VWWCGLifeViewController.m in Sources */,
				C6CBF7321770294B00984C74 /* VWWGOLCell.m in Sources */,
				C6CBF7331770294B00984C74 /* VWWGOLLife.m in Sources */,
			);
			runOnlyForDeploymentPostprocessing = 0;
		};
		C6CBF709177028F100984C74 /* Sources */ = {
			isa = PBXSourcesBuildPhase;
			buildActionMask = 2147483647;
			files = (
				C6CBF7391770296D00984C74 /* VWWGOLLifeRule1Tests.m in Sources */,
				C6CBF73A1770296D00984C74 /* VWWGOLLIfeRule2Tests.m in Sources */,
				C6CBF73B1770296D00984C74 /* VWWGOLLifeRule3Tests.m in Sources */,
				C6CBF73C1770296D00984C74 /* VWWGOLLifeRule4Tests.m in Sources */,
			);
			runOnlyForDeploymentPostprocessing = 0;
		};
/* End PBXSourcesBuildPhase section */

/* Begin PBXTargetDependency section */
		C6CBF714177028F100984C74 /* PBXTargetDependency */ = {
			isa = PBXTargetDependency;
			target = C6CBF6E7177028F100984C74 /* YAGOLA */;
			targetProxy = C6CBF713177028F100984C74 /* PBXContainerItemProxy */;
		};
/* End PBXTargetDependency section */

/* Begin PBXVariantGroup section */
		C6CBF6F4177028F100984C74 /* InfoPlist.strings */ = {
			isa = PBXVariantGroup;
			children = (
				C6CBF6F5177028F100984C74 /* en */,
			);
			name = InfoPlist.strings;
			sourceTree = "<group>";
		};
		C6CBF703177028F100984C74 /* MainStoryboard.storyboard */ = {
			isa = PBXVariantGroup;
			children = (
				C6CBF704177028F100984C74 /* en */,
			);
			name = MainStoryboard.storyboard;
			sourceTree = "<group>";
		};
		C6CBF718177028F100984C74 /* InfoPlist.strings */ = {
			isa = PBXVariantGroup;
			children = (
				C6CBF719177028F100984C74 /* en */,
			);
			name = InfoPlist.strings;
			sourceTree = "<group>";
		};
/* End PBXVariantGroup section */

/* Begin XCBuildConfiguration section */
		C6CBF71E177028F100984C74 /* Debug */ = {
			isa = XCBuildConfiguration;
			buildSettings = {
				ALWAYS_SEARCH_USER_PATHS = NO;
				CLANG_CXX_LANGUAGE_STANDARD = "gnu++0x";
				CLANG_CXX_LIBRARY = "libc++";
				CLANG_ENABLE_OBJC_ARC = YES;
				CLANG_WARN_CONSTANT_CONVERSION = YES;
				CLANG_WARN_EMPTY_BODY = YES;
				CLANG_WARN_ENUM_CONVERSION = YES;
				CLANG_WARN_INT_CONVERSION = YES;
				CLANG_WARN__DUPLICATE_METHOD_MATCH = YES;
				"CODE_SIGN_IDENTITY[sdk=iphoneos*]" = "iPhone Developer";
				COPY_PHASE_STRIP = NO;
				GCC_C_LANGUAGE_STANDARD = gnu99;
				GCC_DYNAMIC_NO_PIC = NO;
				GCC_OPTIMIZATION_LEVEL = 0;
				GCC_PREPROCESSOR_DEFINITIONS = (
					"DEBUG=1",
					"$(inherited)",
				);
				GCC_SYMBOLS_PRIVATE_EXTERN = NO;
				GCC_WARN_ABOUT_RETURN_TYPE = YES;
				GCC_WARN_UNINITIALIZED_AUTOS = YES;
				GCC_WARN_UNUSED_VARIABLE = YES;
				IPHONEOS_DEPLOYMENT_TARGET = 6.1;
				ONLY_ACTIVE_ARCH = YES;
				SDKROOT = iphoneos;
			};
			name = Debug;
		};
		C6CBF71F177028F100984C74 /* Release */ = {
			isa = XCBuildConfiguration;
			buildSettings = {
				ALWAYS_SEARCH_USER_PATHS = NO;
				CLANG_CXX_LANGUAGE_STANDARD = "gnu++0x";
				CLANG_CXX_LIBRARY = "libc++";
				CLANG_ENABLE_OBJC_ARC = YES;
				CLANG_WARN_CONSTANT_CONVERSION = YES;
				CLANG_WARN_EMPTY_BODY = YES;
				CLANG_WARN_ENUM_CONVERSION = YES;
				CLANG_WARN_INT_CONVERSION = YES;
				CLANG_WARN__DUPLICATE_METHOD_MATCH = YES;
				"CODE_SIGN_IDENTITY[sdk=iphoneos*]" = "iPhone Developer";
				COPY_PHASE_STRIP = YES;
				GCC_C_LANGUAGE_STANDARD = gnu99;
				GCC_WARN_ABOUT_RETURN_TYPE = YES;
				GCC_WARN_UNINITIALIZED_AUTOS = YES;
				GCC_WARN_UNUSED_VARIABLE = YES;
				IPHONEOS_DEPLOYMENT_TARGET = 6.1;
				OTHER_CFLAGS = "-DNS_BLOCK_ASSERTIONS=1";
				SDKROOT = iphoneos;
				VALIDATE_PRODUCT = YES;
			};
			name = Release;
		};
		C6CBF721177028F100984C74 /* Debug */ = {
			isa = XCBuildConfiguration;
			buildSettings = {
				CODE_SIGN_IDENTITY = "iPhone Developer: zakk hoyt (65NJ4ZPC44)";
				"CODE_SIGN_IDENTITY[sdk=iphoneos*]" = "iPhone Developer: zakk hoyt (65NJ4ZPC44)";
				GCC_PRECOMPILE_PREFIX_HEADER = YES;
				GCC_PREFIX_HEADER = "YAGOLA/YAGOLA-Prefix.pch";
				INFOPLIST_FILE = "YAGOLA/YAGOLA-Info.plist";
				PRODUCT_NAME = "$(TARGET_NAME)";
				PROVISIONING_PROFILE = "ab0bc305-8add-4bc7-8bc6-8c0d1687cc2f";
				"PROVISIONING_PROFILE[sdk=iphoneos*]" = "ab0bc305-8add-4bc7-8bc6-8c0d1687cc2f";
				WRAPPER_EXTENSION = app;
			};
			name = Debug;
		};
		C6CBF722177028F100984C74 /* Release */ = {
			isa = XCBuildConfiguration;
			buildSettings = {
				CODE_SIGN_IDENTITY = "iPhone Developer: zakk hoyt (65NJ4ZPC44)";
				"CODE_SIGN_IDENTITY[sdk=iphoneos*]" = "iPhone Developer: zakk hoyt (65NJ4ZPC44)";
				GCC_PRECOMPILE_PREFIX_HEADER = YES;
				GCC_PREFIX_HEADER = "YAGOLA/YAGOLA-Prefix.pch";
				INFOPLIST_FILE = "YAGOLA/YAGOLA-Info.plist";
				PRODUCT_NAME = "$(TARGET_NAME)";
				PROVISIONING_PROFILE = "ab0bc305-8add-4bc7-8bc6-8c0d1687cc2f";
				"PROVISIONING_PROFILE[sdk=iphoneos*]" = "ab0bc305-8add-4bc7-8bc6-8c0d1687cc2f";
				WRAPPER_EXTENSION = app;
			};
			name = Release;
		};
		C6CBF724177028F100984C74 /* Debug */ = {
			isa = XCBuildConfiguration;
			buildSettings = {
				BUNDLE_LOADER = "$(BUILT_PRODUCTS_DIR)/YAGOLA.app/YAGOLA";
				FRAMEWORK_SEARCH_PATHS = (
					"\"$(SDKROOT)/Developer/Library/Frameworks\"",
					"\"$(DEVELOPER_LIBRARY_DIR)/Frameworks\"",
				);
				GCC_PRECOMPILE_PREFIX_HEADER = YES;
				GCC_PREFIX_HEADER = "YAGOLA/YAGOLA-Prefix.pch";
				INFOPLIST_FILE = "YAGOLATests/YAGOLATests-Info.plist";
				PRODUCT_NAME = "$(TARGET_NAME)";
				TEST_HOST = "$(BUNDLE_LOADER)";
				WRAPPER_EXTENSION = octest;
			};
			name = Debug;
		};
		C6CBF725177028F100984C74 /* Release */ = {
			isa = XCBuildConfiguration;
			buildSettings = {
				BUNDLE_LOADER = "$(BUILT_PRODUCTS_DIR)/YAGOLA.app/YAGOLA";
				FRAMEWORK_SEARCH_PATHS = (
					"\"$(SDKROOT)/Developer/Library/Frameworks\"",
					"\"$(DEVELOPER_LIBRARY_DIR)/Frameworks\"",
				);
				GCC_PRECOMPILE_PREFIX_HEADER = YES;
				GCC_PREFIX_HEADER = "YAGOLA/YAGOLA-Prefix.pch";
				INFOPLIST_FILE = "YAGOLATests/YAGOLATests-Info.plist";
				PRODUCT_NAME = "$(TARGET_NAME)";
				TEST_HOST = "$(BUNDLE_LOADER)";
				WRAPPER_EXTENSION = octest;
			};
			name = Release;
		};
/* End XCBuildConfiguration section */

/* Begin XCConfigurationList section */
		C6CBF6E3177028F100984C74 /* Build configuration list for PBXProject "YAGOLA" */ = {
			isa = XCConfigurationList;
			buildConfigurations = (
				C6CBF71E177028F100984C74 /* Debug */,
				C6CBF71F177028F100984C74 /* Release */,
			);
			defaultConfigurationIsVisible = 0;
			defaultConfigurationName = Release;
		};
		C6CBF720177028F100984C74 /* Build configuration list for PBXNativeTarget "YAGOLA" */ = {
			isa = XCConfigurationList;
			buildConfigurations = (
				C6CBF721177028F100984C74 /* Debug */,
				C6CBF722177028F100984C74 /* Release */,
			);
			defaultConfigurationIsVisible = 0;
			defaultConfigurationName = Release;
		};
		C6CBF723177028F100984C74 /* Build configuration list for PBXNativeTarget "YAGOLATests" */ = {
			isa = XCConfigurationList;
			buildConfigurations = (
				C6CBF724177028F100984C74 /* Debug */,
				C6CBF725177028F100984C74 /* Release */,
			);
			defaultConfigurationIsVisible = 0;
			defaultConfigurationName = Release;
		};
/* End XCConfigurationList section */
	};
	rootObject = C6CBF6E0177028F100984C74 /* Project object */;
}
